
Microsoft Visual Studio Solution File, Format Version 12.00
# Visual Studio 14
VisualStudioVersion = 14.0.23107.0
MinimumVisualStudioVersion = 10.0.40219.1
Project("{FAE04EC0-301F-11D3-BF4B-00C04F79EFBC}") = "EssentialTools", "EssentialTools\EssentialTools.csproj", "{99B94203-B1AB-438B-B556-86C8BD7E5498}"
EndProject
Project("{FAE04EC0-301F-11D3-BF4B-00C04F79EFBC}") = "EssentialTools.Tests", "EssentialTools.Tests\EssentialTools.Tests.csproj", "{EEF7B399-1D6F-4962-85D4-460A9E33CB0C}"
EndProject
Global
	GlobalSection(SolutionConfigurationPlatforms) = preSolution
		Debug|Any CPU = Debug|Any CPU
		Release|Any CPU = Release|Any CPU
	EndGlobalSection
	GlobalSection(ProjectConfigurationPlatforms) = postSolution
		{99B94203-B1AB-438B-B556-86C8BD7E5498}.Debug|Any CPU.ActiveCfg = Debug|Any CPU
		{99B94203-B1AB-438B-B556-86C8BD7E5498}.Debug|Any CPU.Build.0 = Debug|Any CPU
		{99B94203-B1AB-438B-B556-86C8BD7E5498}.Release|Any CPU.ActiveCfg = Release|Any CPU
		{99B94203-B1AB-438B-B556-86C8BD7E5498}.Release|Any CPU.Build.0 = Release|Any CPU
		{EEF7B399-1D6F-4962-85D4-460A9E33CB0C}.Debug|Any CPU.ActiveCfg = Debug|Any CPU
		{EEF7B399-1D6F-4962-85D4-460A9E33CB0C}.Debug|Any CPU.Build.0 = Debug|Any CPU
		{EEF7B399-1D6F-4962-85D4-460A9E33CB0C}.Release|Any CPU.ActiveCfg = Release|Any CPU
		{EEF7B399-1D6F-4962-85D4-460A9E33CB0C}.Release|Any CPU.Build.0 = Release|Any CPU
	EndGlobalSection
	GlobalSection(SolutionProperties) = preSolution
		HideSolutionNode = FALSE
	EndGlobalSection
EndGlobal
